
Microsoft Visual Studio Solution File, Format Version 12.00
# Visual Studio Version 16
VisualStudioVersion = 16.0.28922.388
MinimumVisualStudioVersion = 10.0.40219.1
Project("{FAE04EC0-301F-11D3-BF4B-00C04F79EFBC}") = "NLog.Extensions.AzureStorage.NamingPartition", "NLog.Extensions.AzureStorage.NamingPartition\NLog.Extensions.AzureStorage.NamingPartition.csproj", "{40508FF3-6F72-42E6-A15C-F42A2FF41C3B}"
EndProject
Project("{FAE04EC0-301F-11D3-BF4B-00C04F79EFBC}") = "TestingApp", "TestingApp\TestingApp.csproj", "{AF15C387-A29F-4752-AE00-3C15F5F75087}"
EndProject
Global
	GlobalSection(SolutionConfigurationPlatforms) = preSolution
		Debug|Any CPU = Debug|Any CPU
		Release|Any CPU = Release|Any CPU
	EndGlobalSection
	GlobalSection(ProjectConfigurationPlatforms) = postSolution
		{40508FF3-6F72-42E6-A15C-F42A2FF41C3B}.Debug|Any CPU.ActiveCfg = Debug|Any CPU
		{40508FF3-6F72-42E6-A15C-F42A2FF41C3B}.Debug|Any CPU.Build.0 = Debug|Any CPU
		{40508FF3-6F72-42E6-A15C-F42A2FF41C3B}.Release|Any CPU.ActiveCfg = Release|Any CPU
		{40508FF3-6F72-42E6-A15C-F42A2FF41C3B}.Release|Any CPU.Build.0 = Release|Any CPU
		{AF15C387-A29F-4752-AE00-3C15F5F75087}.Debug|Any CPU.ActiveCfg = Debug|Any CPU
		{AF15C387-A29F-4752-AE00-3C15F5F75087}.Debug|Any CPU.Build.0 = Debug|Any CPU
		{AF15C387-A29F-4752-AE00-3C15F5F75087}.Release|Any CPU.ActiveCfg = Release|Any CPU
		{AF15C387-A29F-4752-AE00-3C15F5F75087}.Release|Any CPU.Build.0 = Release|Any CPU
	EndGlobalSection
	GlobalSection(SolutionProperties) = preSolution
		HideSolutionNode = FALSE
	EndGlobalSection
	GlobalSection(ExtensibilityGlobals) = postSolution
		SolutionGuid = {4A9DB6A3-19A0-4D38-BEB1-CC3F252EFA1F}
	EndGlobalSection
EndGlobal
